
Microsoft Visual Studio Solution File, Format Version 12.00
Project("{FAE04EC0-301F-11D3-BF4B-00C04F79EFBC}") = "DotStocks", "DotStocks\DotStocks.csproj", "{90984C86-FE18-428C-86D3-C94CB866F955}"
EndProject
Global
	GlobalSection(SolutionConfigurationPlatforms) = preSolution
		Debug|Any CPU = Debug|Any CPU
		Release|Any CPU = Release|Any CPU
	EndGlobalSection
	GlobalSection(ProjectConfigurationPlatforms) = postSolution
		{90984C86-FE18-428C-86D3-C94CB866F955}.Debug|Any CPU.ActiveCfg = Debug|Any CPU
		{90984C86-FE18-428C-86D3-C94CB866F955}.Debug|Any CPU.Build.0 = Debug|Any CPU
		{90984C86-FE18-428C-86D3-C94CB866F955}.Release|Any CPU.ActiveCfg = Release|Any CPU
		{90984C86-FE18-428C-86D3-C94CB866F955}.Release|Any CPU.Build.0 = Release|Any CPU
	EndGlobalSection
EndGlobal
